
Microsoft Visual Studio Solution File, Format Version 12.00
# Visual Studio Version 17
VisualStudioVersion = 17.12.35728.132 d17.12
MinimumVisualStudioVersion = 10.0.40219.1
Project("{FAE04EC0-301F-11D3-BF4B-00C04F79EFBC}") = "WebDownload.Server", "WebDownload.Server\WebDownload.Server.csproj", "{E1E000C5-E0D9-4DF1-A475-3B809F5D2948}"
EndProject
Project("{54A90642-561A-4BB1-A94E-469ADEE60C69}") = "webdownload.client", "webdownload.client\webdownload.client.esproj", "{F61B4C75-B6CC-4B59-AFF9-4FF4144878D9}"
EndProject
Global
	GlobalSection(SolutionConfigurationPlatforms) = preSolution
		Debug|Any CPU = Debug|Any CPU
		Release|Any CPU = Release|Any CPU
	EndGlobalSection
	GlobalSection(ProjectConfigurationPlatforms) = postSolution
		{E1E000C5-E0D9-4DF1-A475-3B809F5D2948}.Debug|Any CPU.ActiveCfg = Debug|Any CPU
		{E1E000C5-E0D9-4DF1-A475-3B809F5D2948}.Debug|Any CPU.Build.0 = Debug|Any CPU
		{E1E000C5-E0D9-4DF1-A475-3B809F5D2948}.Release|Any CPU.ActiveCfg = Release|Any CPU
		{E1E000C5-E0D9-4DF1-A475-3B809F5D2948}.Release|Any CPU.Build.0 = Release|Any CPU
		{F61B4C75-B6CC-4B59-AFF9-4FF4144878D9}.Debug|Any CPU.ActiveCfg = Debug|Any CPU
		{F61B4C75-B6CC-4B59-AFF9-4FF4144878D9}.Debug|Any CPU.Build.0 = Debug|Any CPU
		{F61B4C75-B6CC-4B59-AFF9-4FF4144878D9}.Debug|Any CPU.Deploy.0 = Debug|Any CPU
		{F61B4C75-B6CC-4B59-AFF9-4FF4144878D9}.Release|Any CPU.ActiveCfg = Release|Any CPU
		{F61B4C75-B6CC-4B59-AFF9-4FF4144878D9}.Release|Any CPU.Build.0 = Release|Any CPU
		{F61B4C75-B6CC-4B59-AFF9-4FF4144878D9}.Release|Any CPU.Deploy.0 = Release|Any CPU
	EndGlobalSection
	GlobalSection(SolutionProperties) = preSolution
		HideSolutionNode = FALSE
	EndGlobalSection
EndGlobal
